
Microsoft Visual Studio Solution File, Format Version 12.00
# Visual Studio Version 17
VisualStudioVersion = 17.9.34701.34
MinimumVisualStudioVersion = 10.0.40219.1
Project("{FAE04EC0-301F-11D3-BF4B-00C04F79EFBC}") = "CrudOperations.PL", "CrudOperations.PL\CrudOperations.PL.csproj", "{DE023998-178A-40FA-9577-218F2F2963B8}"
EndProject
Project("{FAE04EC0-301F-11D3-BF4B-00C04F79EFBC}") = "CrudOperations.DAL", "CrudOperations.DAL\CrudOperations.DAL.csproj", "{B99DE5BC-CA99-4406-8506-489CC0B064B2}"
EndProject
Project("{FAE04EC0-301F-11D3-BF4B-00C04F79EFBC}") = "CrudOperations.BLL", "CrudOperations.BLL\CrudOperations.BLL.csproj", "{7CDE4E10-CCFD-4FD1-819F-566D248B7817}"
EndProject
Global
	GlobalSection(SolutionConfigurationPlatforms) = preSolution
		Debug|Any CPU = Debug|Any CPU
		Release|Any CPU = Release|Any CPU
	EndGlobalSection
	GlobalSection(ProjectConfigurationPlatforms) = postSolution
		{DE023998-178A-40FA-9577-218F2F2963B8}.Debug|Any CPU.ActiveCfg = Debug|Any CPU
		{DE023998-178A-40FA-9577-218F2F2963B8}.Debug|Any CPU.Build.0 = Debug|Any CPU
		{DE023998-178A-40FA-9577-218F2F2963B8}.Release|Any CPU.ActiveCfg = Release|Any CPU
		{DE023998-178A-40FA-9577-218F2F2963B8}.Release|Any CPU.Build.0 = Release|Any CPU
		{B99DE5BC-CA99-4406-8506-489CC0B064B2}.Debug|Any CPU.ActiveCfg = Debug|Any CPU
		{B99DE5BC-CA99-4406-8506-489CC0B064B2}.Debug|Any CPU.Build.0 = Debug|Any CPU
		{B99DE5BC-CA99-4406-8506-489CC0B064B2}.Release|Any CPU.ActiveCfg = Release|Any CPU
		{B99DE5BC-CA99-4406-8506-489CC0B064B2}.Release|Any CPU.Build.0 = Release|Any CPU
		{7CDE4E10-CCFD-4FD1-819F-566D248B7817}.Debug|Any CPU.ActiveCfg = Debug|Any CPU
		{7CDE4E10-CCFD-4FD1-819F-566D248B7817}.Debug|Any CPU.Build.0 = Debug|Any CPU
		{7CDE4E10-CCFD-4FD1-819F-566D248B7817}.Release|Any CPU.ActiveCfg = Release|Any CPU
		{7CDE4E10-CCFD-4FD1-819F-566D248B7817}.Release|Any CPU.Build.0 = Release|Any CPU
	EndGlobalSection
	GlobalSection(SolutionProperties) = preSolution
		HideSolutionNode = FALSE
	EndGlobalSection
	GlobalSection(ExtensibilityGlobals) = postSolution
		SolutionGuid = {784372A4-BA4D-4268-89FF-364BAD5C9CCC}
	EndGlobalSection
EndGlobal
